
Microsoft Visual Studio Solution File, Format Version 12.00
# Visual Studio 15
VisualStudioVersion = 15.0.26403.7
MinimumVisualStudioVersion = 10.0.40219.1
Project("{FAE04EC0-301F-11D3-BF4B-00C04F79EFBC}") = "Data", "Data\Data.csproj", "{DCCDF535-9232-49F5-969B-CA8DC2F3145A}"
EndProject
Project("{FAE04EC0-301F-11D3-BF4B-00C04F79EFBC}") = "Services.Abstractions", "Services.Abstractions\Services.Abstractions.csproj", "{3925D549-EE59-48DB-AFA7-C924C4CAF252}"
EndProject
Project("{FAE04EC0-301F-11D3-BF4B-00C04F79EFBC}") = "Services", "Services\Services.csproj", "{4F1D0448-B618-4D6E-A233-5BD11D9C4DA8}"
EndProject
Project("{FAE04EC0-301F-11D3-BF4B-00C04F79EFBC}") = "WebBlazor", "WebBlazor\WebBlazor.csproj", "{1EADD51D-C887-48EF-90FF-271C387EB4F7}"
EndProject
Project("{FAE04EC0-301F-11D3-BF4B-00C04F79EFBC}") = "Api", "Api\Api.csproj", "{FD61C769-7665-4DDA-89CB-8F720694ACE2}"
EndProject
Project("{FAE04EC0-301F-11D3-BF4B-00C04F79EFBC}") = "Shared", "Shared\Shared.csproj", "{D835C89C-F0C9-43A2-92AD-1811D9112715}"
EndProject
Project("{FAE04EC0-301F-11D3-BF4B-00C04F79EFBC}") = "PokeBlazor.Shared", "PokeBlazor.Shared\PokeBlazor.Shared.csproj", "{1DCDC833-577C-402B-8CC9-367CB35A3B0F}"
EndProject
Project("{FAE04EC0-301F-11D3-BF4B-00C04F79EFBC}") = "Client", "Client\Client.csproj", "{EDA91CC0-3140-4F4F-A098-2E44CC0C5BD0}"
EndProject
Project("{FAE04EC0-301F-11D3-BF4B-00C04F79EFBC}") = "Server", "Server\Server.csproj", "{52944E64-7F00-4F2E-9F41-71B41488094D}"
EndProject
Global
	GlobalSection(SolutionConfigurationPlatforms) = preSolution
		Debug|Any CPU = Debug|Any CPU
		Release|Any CPU = Release|Any CPU
	EndGlobalSection
	GlobalSection(ProjectConfigurationPlatforms) = postSolution
		{0511C979-3620-42BB-A3E5-F7A99CCD3945}.Debug|Any CPU.ActiveCfg = Debug|Any CPU
		{0511C979-3620-42BB-A3E5-F7A99CCD3945}.Debug|Any CPU.Build.0 = Debug|Any CPU
		{0511C979-3620-42BB-A3E5-F7A99CCD3945}.Release|Any CPU.ActiveCfg = Release|Any CPU
		{0511C979-3620-42BB-A3E5-F7A99CCD3945}.Release|Any CPU.Build.0 = Release|Any CPU
		{DCCDF535-9232-49F5-969B-CA8DC2F3145A}.Debug|Any CPU.ActiveCfg = Debug|Any CPU
		{DCCDF535-9232-49F5-969B-CA8DC2F3145A}.Debug|Any CPU.Build.0 = Debug|Any CPU
		{DCCDF535-9232-49F5-969B-CA8DC2F3145A}.Release|Any CPU.ActiveCfg = Release|Any CPU
		{DCCDF535-9232-49F5-969B-CA8DC2F3145A}.Release|Any CPU.Build.0 = Release|Any CPU
		{3925D549-EE59-48DB-AFA7-C924C4CAF252}.Debug|Any CPU.ActiveCfg = Debug|Any CPU
		{3925D549-EE59-48DB-AFA7-C924C4CAF252}.Debug|Any CPU.Build.0 = Debug|Any CPU
		{3925D549-EE59-48DB-AFA7-C924C4CAF252}.Release|Any CPU.ActiveCfg = Release|Any CPU
		{3925D549-EE59-48DB-AFA7-C924C4CAF252}.Release|Any CPU.Build.0 = Release|Any CPU
		{4F1D0448-B618-4D6E-A233-5BD11D9C4DA8}.Debug|Any CPU.ActiveCfg = Debug|Any CPU
		{4F1D0448-B618-4D6E-A233-5BD11D9C4DA8}.Debug|Any CPU.Build.0 = Debug|Any CPU
		{4F1D0448-B618-4D6E-A233-5BD11D9C4DA8}.Release|Any CPU.ActiveCfg = Release|Any CPU
		{4F1D0448-B618-4D6E-A233-5BD11D9C4DA8}.Release|Any CPU.Build.0 = Release|Any CPU
		{1EADD51D-C887-48EF-90FF-271C387EB4F7}.Debug|Any CPU.ActiveCfg = Debug|Any CPU
		{1EADD51D-C887-48EF-90FF-271C387EB4F7}.Debug|Any CPU.Build.0 = Debug|Any CPU
		{1EADD51D-C887-48EF-90FF-271C387EB4F7}.Release|Any CPU.ActiveCfg = Release|Any CPU
		{1EADD51D-C887-48EF-90FF-271C387EB4F7}.Release|Any CPU.Build.0 = Release|Any CPU
		{FD61C769-7665-4DDA-89CB-8F720694ACE2}.Debug|Any CPU.ActiveCfg = Debug|Any CPU
		{FD61C769-7665-4DDA-89CB-8F720694ACE2}.Debug|Any CPU.Build.0 = Debug|Any CPU
		{FD61C769-7665-4DDA-89CB-8F720694ACE2}.Release|Any CPU.ActiveCfg = Release|Any CPU
		{FD61C769-7665-4DDA-89CB-8F720694ACE2}.Release|Any CPU.Build.0 = Release|Any CPU
		{D835C89C-F0C9-43A2-92AD-1811D9112715}.Debug|Any CPU.ActiveCfg = Debug|Any CPU
		{D835C89C-F0C9-43A2-92AD-1811D9112715}.Debug|Any CPU.Build.0 = Debug|Any CPU
		{D835C89C-F0C9-43A2-92AD-1811D9112715}.Release|Any CPU.ActiveCfg = Release|Any CPU
		{D835C89C-F0C9-43A2-92AD-1811D9112715}.Release|Any CPU.Build.0 = Release|Any CPU
		{1DCDC833-577C-402B-8CC9-367CB35A3B0F}.Debug|Any CPU.ActiveCfg = Debug|Any CPU
		{1DCDC833-577C-402B-8CC9-367CB35A3B0F}.Debug|Any CPU.Build.0 = Debug|Any CPU
		{1DCDC833-577C-402B-8CC9-367CB35A3B0F}.Release|Any CPU.ActiveCfg = Release|Any CPU
		{1DCDC833-577C-402B-8CC9-367CB35A3B0F}.Release|Any CPU.Build.0 = Release|Any CPU
		{EDA91CC0-3140-4F4F-A098-2E44CC0C5BD0}.Debug|Any CPU.ActiveCfg = Debug|Any CPU
		{EDA91CC0-3140-4F4F-A098-2E44CC0C5BD0}.Debug|Any CPU.Build.0 = Debug|Any CPU
		{EDA91CC0-3140-4F4F-A098-2E44CC0C5BD0}.Release|Any CPU.ActiveCfg = Release|Any CPU
		{EDA91CC0-3140-4F4F-A098-2E44CC0C5BD0}.Release|Any CPU.Build.0 = Release|Any CPU
		{52944E64-7F00-4F2E-9F41-71B41488094D}.Debug|Any CPU.ActiveCfg = Debug|Any CPU
		{52944E64-7F00-4F2E-9F41-71B41488094D}.Debug|Any CPU.Build.0 = Debug|Any CPU
		{52944E64-7F00-4F2E-9F41-71B41488094D}.Release|Any CPU.ActiveCfg = Release|Any CPU
		{52944E64-7F00-4F2E-9F41-71B41488094D}.Release|Any CPU.Build.0 = Release|Any CPU
	EndGlobalSection
	GlobalSection(SolutionProperties) = preSolution
		HideSolutionNode = FALSE
	EndGlobalSection
	GlobalSection(ExtensibilityGlobals) = postSolution
		SolutionGuid = {CB41E0F8-38B7-4027-A1BA-26C028C2216A}
	EndGlobalSection
EndGlobal
